
Microsoft Visual Studio Solution File, Format Version 12.00
# Visual Studio 2013
VisualStudioVersion = 12.0.21005.1
MinimumVisualStudioVersion = 10.0.40219.1
Project("{8BC9CEB8-8B4A-11D0-8D11-00A0C91BC942}") = "RainDetection", "RainDetection\RainDetection.vcxproj", "{BC9CB78E-A89B-4294-9C71-4BC2FF40D21F}"
EndProject
Global
	GlobalSection(SolutionConfigurationPlatforms) = preSolution
		Debug|Win32 = Debug|Win32
		Release|Win32 = Release|Win32
	EndGlobalSection
	GlobalSection(ProjectConfigurationPlatforms) = postSolution
		{BC9CB78E-A89B-4294-9C71-4BC2FF40D21F}.Debug|Win32.ActiveCfg = Debug|Win32
		{BC9CB78E-A89B-4294-9C71-4BC2FF40D21F}.Debug|Win32.Build.0 = Debug|Win32
		{BC9CB78E-A89B-4294-9C71-4BC2FF40D21F}.Release|Win32.ActiveCfg = Release|Win32
		{BC9CB78E-A89B-4294-9C71-4BC2FF40D21F}.Release|Win32.Build.0 = Release|Win32
	EndGlobalSection
	GlobalSection(SolutionProperties) = preSolution
		HideSolutionNode = FALSE
	EndGlobalSection
EndGlobal
